
Microsoft Visual Studio Solution File, Format Version 12.00
# Visual Studio Version 17
VisualStudioVersion = 17.8.34408.163
MinimumVisualStudioVersion = 10.0.40219.1
Project("{9A19103F-16F7-4668-BE54-9A1E7A4F7556}") = "ios", "ios.csproj", "{AB858FCE-5458-4F73-A8DA-D5BF65C1C2D3}"
EndProject
Global
	GlobalSection(SolutionConfigurationPlatforms) = preSolution
		Debug|Any CPU = Debug|Any CPU
		Release|Any CPU = Release|Any CPU
	EndGlobalSection
	GlobalSection(ProjectConfigurationPlatforms) = postSolution
		{AB858FCE-5458-4F73-A8DA-D5BF65C1C2D3}.Debug|Any CPU.ActiveCfg = Debug|Any CPU
		{AB858FCE-5458-4F73-A8DA-D5BF65C1C2D3}.Debug|Any CPU.Build.0 = Debug|Any CPU
		{AB858FCE-5458-4F73-A8DA-D5BF65C1C2D3}.Release|Any CPU.ActiveCfg = Release|Any CPU
		{AB858FCE-5458-4F73-A8DA-D5BF65C1C2D3}.Release|Any CPU.Build.0 = Release|Any CPU
	EndGlobalSection
	GlobalSection(SolutionProperties) = preSolution
		HideSolutionNode = FALSE
	EndGlobalSection
	GlobalSection(ExtensibilityGlobals) = postSolution
		SolutionGuid = {DF722F61-911C-4B5D-A5AD-00A59394979F}
	EndGlobalSection
EndGlobal
